
Microsoft Visual Studio Solution File, Format Version 12.00
# Visual Studio Version 16
VisualStudioVersion = 16.0.32602.291
MinimumVisualStudioVersion = 10.0.40219.1
Project("{FAE04EC0-301F-11D3-BF4B-00C04F79EFBC}") = "AOE_Test", "AOE_Test.csproj", "{160CEF30-ED95-4AD8-8159-8FDFCC96CBB3}"
EndProject
Global
	GlobalSection(SolutionConfigurationPlatforms) = preSolution
		Debug|Any CPU = Debug|Any CPU
		Release|Any CPU = Release|Any CPU
	EndGlobalSection
	GlobalSection(ProjectConfigurationPlatforms) = postSolution
		{160CEF30-ED95-4AD8-8159-8FDFCC96CBB3}.Debug|Any CPU.ActiveCfg = Debug|Any CPU
		{160CEF30-ED95-4AD8-8159-8FDFCC96CBB3}.Debug|Any CPU.Build.0 = Debug|Any CPU
		{160CEF30-ED95-4AD8-8159-8FDFCC96CBB3}.Release|Any CPU.ActiveCfg = Release|Any CPU
		{160CEF30-ED95-4AD8-8159-8FDFCC96CBB3}.Release|Any CPU.Build.0 = Release|Any CPU
	EndGlobalSection
	GlobalSection(SolutionProperties) = preSolution
		HideSolutionNode = FALSE
	EndGlobalSection
	GlobalSection(ExtensibilityGlobals) = postSolution
		SolutionGuid = {EF582F7A-910B-4393-A04A-E70D3C61A20A}
	EndGlobalSection
EndGlobal
